
Microsoft Visual Studio Solution File, Format Version 12.00
# Visual Studio 15
VisualStudioVersion = 15.0.36001.139
MinimumVisualStudioVersion = 10.0.40219.1
Project("{8BC9CEB8-8B4A-11D0-8D11-00A0C91BC942}") = "Client", "Client\Client.vcxproj", "{6E77EC9E-204F-44A1-A5BF-A187DBABC464}"
EndProject
Project("{8BC9CEB8-8B4A-11D0-8D11-00A0C91BC942}") = "Server", "Server\Server.vcxproj", "{EB7ADE73-E2F0-41F1-8F2B-F86D02FA893A}"
EndProject
Project("{8BC9CEB8-8B4A-11D0-8D11-00A0C91BC942}") = "FormatLastError", "FormatLastError\FormatLastError.vcxproj", "{289D732C-CC49-4FCB-9D85-9CF2B8FBB4CD}"
EndProject
Project("{8BC9CEB8-8B4A-11D0-8D11-00A0C91BC942}") = "StaticArray", "StaticArray\StaticArray.vcxproj", "{B28A0E07-D48C-4ED0-8B72-C9B719BD614C}"
EndProject
Project("{8BC9CEB8-8B4A-11D0-8D11-00A0C91BC942}") = "Threads", "Threads\Threads.vcxproj", "{55B4A54D-AE44-4018-B70E-015AB44880BE}"
EndProject
Project("{8BC9CEB8-8B4A-11D0-8D11-00A0C91BC942}") = "Car", "Car\Car.vcxproj", "{C8E11F4B-2AA2-4ACD-B005-CC9A0647F45C}"
EndProject
Global
	GlobalSection(SolutionConfigurationPlatforms) = preSolution
		Debug|x64 = Debug|x64
		Debug|x86 = Debug|x86
		Release|x64 = Release|x64
		Release|x86 = Release|x86
	EndGlobalSection
	GlobalSection(ProjectConfigurationPlatforms) = postSolution
		{6E77EC9E-204F-44A1-A5BF-A187DBABC464}.Debug|x64.ActiveCfg = Debug|x64
		{6E77EC9E-204F-44A1-A5BF-A187DBABC464}.Debug|x64.Build.0 = Debug|x64
		{6E77EC9E-204F-44A1-A5BF-A187DBABC464}.Debug|x86.ActiveCfg = Debug|Win32
		{6E77EC9E-204F-44A1-A5BF-A187DBABC464}.Debug|x86.Build.0 = Debug|Win32
		{6E77EC9E-204F-44A1-A5BF-A187DBABC464}.Release|x64.ActiveCfg = Release|x64
		{6E77EC9E-204F-44A1-A5BF-A187DBABC464}.Release|x64.Build.0 = Release|x64
		{6E77EC9E-204F-44A1-A5BF-A187DBABC464}.Release|x86.ActiveCfg = Release|Win32
		{6E77EC9E-204F-44A1-A5BF-A187DBABC464}.Release|x86.Build.0 = Release|Win32
		{EB7ADE73-E2F0-41F1-8F2B-F86D02FA893A}.Debug|x64.ActiveCfg = Debug|x64
		{EB7ADE73-E2F0-41F1-8F2B-F86D02FA893A}.Debug|x64.Build.0 = Debug|x64
		{EB7ADE73-E2F0-41F1-8F2B-F86D02FA893A}.Debug|x86.ActiveCfg = Debug|Win32
		{EB7ADE73-E2F0-41F1-8F2B-F86D02FA893A}.Debug|x86.Build.0 = Debug|Win32
		{EB7ADE73-E2F0-41F1-8F2B-F86D02FA893A}.Release|x64.ActiveCfg = Release|x64
		{EB7ADE73-E2F0-41F1-8F2B-F86D02FA893A}.Release|x64.Build.0 = Release|x64
		{EB7ADE73-E2F0-41F1-8F2B-F86D02FA893A}.Release|x86.ActiveCfg = Release|Win32
		{EB7ADE73-E2F0-41F1-8F2B-F86D02FA893A}.Release|x86.Build.0 = Release|Win32
		{289D732C-CC49-4FCB-9D85-9CF2B8FBB4CD}.Debug|x64.ActiveCfg = Debug|x64
		{289D732C-CC49-4FCB-9D85-9CF2B8FBB4CD}.Debug|x64.Build.0 = Debug|x64
		{289D732C-CC49-4FCB-9D85-9CF2B8FBB4CD}.Debug|x86.ActiveCfg = Debug|Win32
		{289D732C-CC49-4FCB-9D85-9CF2B8FBB4CD}.Debug|x86.Build.0 = Debug|Win32
		{289D732C-CC49-4FCB-9D85-9CF2B8FBB4CD}.Release|x64.ActiveCfg = Release|x64
		{289D732C-CC49-4FCB-9D85-9CF2B8FBB4CD}.Release|x64.Build.0 = Release|x64
		{289D732C-CC49-4FCB-9D85-9CF2B8FBB4CD}.Release|x86.ActiveCfg = Release|Win32
		{289D732C-CC49-4FCB-9D85-9CF2B8FBB4CD}.Release|x86.Build.0 = Release|Win32
		{B28A0E07-D48C-4ED0-8B72-C9B719BD614C}.Debug|x64.ActiveCfg = Debug|x64
		{B28A0E07-D48C-4ED0-8B72-C9B719BD614C}.Debug|x64.Build.0 = Debug|x64
		{B28A0E07-D48C-4ED0-8B72-C9B719BD614C}.Debug|x86.ActiveCfg = Debug|Win32
		{B28A0E07-D48C-4ED0-8B72-C9B719BD614C}.Debug|x86.Build.0 = Debug|Win32
		{B28A0E07-D48C-4ED0-8B72-C9B719BD614C}.Release|x64.ActiveCfg = Release|x64
		{B28A0E07-D48C-4ED0-8B72-C9B719BD614C}.Release|x64.Build.0 = Release|x64
		{B28A0E07-D48C-4ED0-8B72-C9B719BD614C}.Release|x86.ActiveCfg = Release|Win32
		{B28A0E07-D48C-4ED0-8B72-C9B719BD614C}.Release|x86.Build.0 = Release|Win32
		{55B4A54D-AE44-4018-B70E-015AB44880BE}.Debug|x64.ActiveCfg = Debug|x64
		{55B4A54D-AE44-4018-B70E-015AB44880BE}.Debug|x64.Build.0 = Debug|x64
		{55B4A54D-AE44-4018-B70E-015AB44880BE}.Debug|x86.ActiveCfg = Debug|Win32
		{55B4A54D-AE44-4018-B70E-015AB44880BE}.Debug|x86.Build.0 = Debug|Win32
		{55B4A54D-AE44-4018-B70E-015AB44880BE}.Release|x64.ActiveCfg = Release|x64
		{55B4A54D-AE44-4018-B70E-015AB44880BE}.Release|x64.Build.0 = Release|x64
		{55B4A54D-AE44-4018-B70E-015AB44880BE}.Release|x86.ActiveCfg = Release|Win32
		{55B4A54D-AE44-4018-B70E-015AB44880BE}.Release|x86.Build.0 = Release|Win32
		{C8E11F4B-2AA2-4ACD-B005-CC9A0647F45C}.Debug|x64.ActiveCfg = Debug|x64
		{C8E11F4B-2AA2-4ACD-B005-CC9A0647F45C}.Debug|x64.Build.0 = Debug|x64
		{C8E11F4B-2AA2-4ACD-B005-CC9A0647F45C}.Debug|x86.ActiveCfg = Debug|Win32
		{C8E11F4B-2AA2-4ACD-B005-CC9A0647F45C}.Debug|x86.Build.0 = Debug|Win32
		{C8E11F4B-2AA2-4ACD-B005-CC9A0647F45C}.Release|x64.ActiveCfg = Release|x64
		{C8E11F4B-2AA2-4ACD-B005-CC9A0647F45C}.Release|x64.Build.0 = Release|x64
		{C8E11F4B-2AA2-4ACD-B005-CC9A0647F45C}.Release|x86.ActiveCfg = Release|Win32
		{C8E11F4B-2AA2-4ACD-B005-CC9A0647F45C}.Release|x86.Build.0 = Release|Win32
	EndGlobalSection
	GlobalSection(SolutionProperties) = preSolution
		HideSolutionNode = FALSE
	EndGlobalSection
	GlobalSection(ExtensibilityGlobals) = postSolution
		SolutionGuid = {E69F9E53-FE05-4313-A199-927D74B730F9}
	EndGlobalSection
EndGlobal
